version: 2.0
shards:
  bson:
    git: https://github.com/elbywan/bson.cr.git
    version: 0.2.10

  crest:
    git: https://github.com/mamantoha/crest.git
    version: 0.26.1

  cron_parser:
    git: https://github.com/kostya/cron_parser.git
    version: 0.3.0

  cryomongo:
    git: https://github.com/elbywan/cryomongo.git
    version: 0.2.1

  db:
    git: https://github.com/crystal-lang/crystal-db.git
    version: 0.9.0

  exception_page:
    git: https://github.com/crystal-loot/exception_page.git
    version: 0.1.4

  future:
    git: https://github.com/crystal-community/future.cr.git
    version: 0.1.0

  http-client-digest_auth:
    git: https://github.com/mamantoha/http-client-digest_auth.git
    version: 0.4.0

  http_proxy:
    git: https://github.com/mamantoha/http_proxy.git
    version: 0.7.1

  kemal:
    git: https://github.com/kemalcr/kemal.git
    version: 0.26.1

  kilt:
    git: https://github.com/jeromegn/kilt.git
    version: 0.4.0

  popcorn:
    git: https://github.com/icyleaf/popcorn.git
    version: 0.2.2

  radix:
    git: https://github.com/luislavena/radix.git
    version: 0.3.9

  tasker:
    git: https://github.com/spider-gazelle/tasker.git
    version: 2.0.1

  totem:
    git: https://github.com/icyleaf/totem.git
    version: 0.6.1

